version = 1
revision = 3
requires-python = ">=3.10"

[[package]]
name = "parsedatetime"
version = "2.6"
source = { registry = "https://pypi.org/simple" }
sdist = { url = "https://files.pythonhosted.org/packages/a8/20/cb587f6672dbe585d101f590c3871d16e7aec5a576a1694997a3777312ac/parsedatetime-2.6.tar.gz", hash = "sha256:4cb368fbb18a0b7231f4d76119165451c8d2e35951455dfee97c62a87b04d455", size = 60114, upload-time = "2020-05-31T23:50:57.443Z" }
wheels = [
    { url = "https://files.pythonhosted.org/packages/9d/a4/3dd804926a42537bf69fb3ebb9fd72a50ba84f807d95df5ae016606c976c/parsedatetime-2.6-py3-none-any.whl", hash = "sha256:cb96edd7016872f58479e35879294258c71437195760746faffedb692aef000b", size = 42548, upload-time = "2020-05-31T23:50:56.315Z" },
]

[[package]]
name = "wait-for"
source = { editable = "." }
dependencies = [
    { name = "parsedatetime" },
]

[package.metadata]
requires-dist = [{ name = "parsedatetime", specifier = ">=2.5" }]
